// !$*UTF8*$!
{
	archiveVersion = 1;
	classes = {
	};
	objectVersion = 50;
	objects = {

/* Begin PBXBuildFile section */
		3F32811C268E640900F57A78 /* CardItemView.swift in Sources */ = {isa = PBXBuildFile; fileRef = 3F32811B268E640900F57A78 /* CardItemView.swift */; };
		3F328126268E645B00F57A78 /* CardItem.swift in Sources */ = {isa = PBXBuildFile; fileRef = 3F328125268E645B00F57A78 /* CardItem.swift */; };
		3F32812E268F005800F57A78 /* UserItem.swift in Sources */ = {isa = PBXBuildFile; fileRef = 3F32812D268F005800F57A78 /* UserItem.swift */; };
		3F328131268F006900F57A78 /* User.swift in Sources */ = {isa = PBXBuildFile; fileRef = 3F328130268F006900F57A78 /* User.swift */; };
		3F328138268F023600F57A78 /* UserItemView.swift in Sources */ = {isa = PBXBuildFile; fileRef = 3F328137268F023600F57A78 /* UserItemView.swift */; };
		3F32813D268F1CEA00F57A78 /* CardWebService.swift in Sources */ = {isa = PBXBuildFile; fileRef = 3F32813C268F1CEA00F57A78 /* CardWebService.swift */; };
		3F328141268F1DA600F57A78 /* Errors.swift in Sources */ = {isa = PBXBuildFile; fileRef = 3F328140268F1DA600F57A78 /* Errors.swift */; };
		3F328144268F316B00F57A78 /* CardView.swift in Sources */ = {isa = PBXBuildFile; fileRef = 3F328143268F316A00F57A78 /* CardView.swift */; };
		3F328153268F3E0000F57A78 /* RemoteImage.swift in Sources */ = {isa = PBXBuildFile; fileRef = 3F328152268F3E0000F57A78 /* RemoteImage.swift */; };
		3F328156268F4CDB00F57A78 /* HexToRgbColorConverter.swift in Sources */ = {isa = PBXBuildFile; fileRef = 3F328155268F4CDB00F57A78 /* HexToRgbColorConverter.swift */; };
		3F328159268F54AF00F57A78 /* RarityToColor.swift in Sources */ = {isa = PBXBuildFile; fileRef = 3F328158268F54AF00F57A78 /* RarityToColor.swift */; };
		3F32815C268F71C300F57A78 /* ClaimViewModel.swift in Sources */ = {isa = PBXBuildFile; fileRef = 3F32815B268F71C300F57A78 /* ClaimViewModel.swift */; };
		3F32815F268F792400F57A78 /* CollectionViewModel.swift in Sources */ = {isa = PBXBuildFile; fileRef = 3F32815E268F792400F57A78 /* CollectionViewModel.swift */; };
		3F328162268F7AE100F57A78 /* CardLocalService.swift in Sources */ = {isa = PBXBuildFile; fileRef = 3F328161268F7AE100F57A78 /* CardLocalService.swift */; };
		3F32816C269075C900F57A78 /* UserWebServer.swift in Sources */ = {isa = PBXBuildFile; fileRef = 3F32816B269075C900F57A78 /* UserWebServer.swift */; };
		3F32816F2690798300F57A78 /* UserViewModel.swift in Sources */ = {isa = PBXBuildFile; fileRef = 3F32816E2690798300F57A78 /* UserViewModel.swift */; };
		3F3281762690ABF800F57A78 /* CardIconView.swift in Sources */ = {isa = PBXBuildFile; fileRef = 3F3281752690ABF800F57A78 /* CardIconView.swift */; };
		3F3281792690D03B00F57A78 /* SearchBar.swift in Sources */ = {isa = PBXBuildFile; fileRef = 3F3281782690D03B00F57A78 /* SearchBar.swift */; };
		3F32817C2690F83600F57A78 /* LogoutView.swift in Sources */ = {isa = PBXBuildFile; fileRef = 3F32817B2690F83600F57A78 /* LogoutView.swift */; };
		3F328182269122EA00F57A78 /* TradeWebService.swift in Sources */ = {isa = PBXBuildFile; fileRef = 3F328181269122EA00F57A78 /* TradeWebService.swift */; };
		3F3281852691233C00F57A78 /* TradeViewModel.swift in Sources */ = {isa = PBXBuildFile; fileRef = 3F3281842691233C00F57A78 /* TradeViewModel.swift */; };
		3F8B341D26701F49002286FB /* Assets.xcassets in Resources */ = {isa = PBXBuildFile; fileRef = 3F8B341C26701F49002286FB /* Assets.xcassets */; };
		3F8B342026701F49002286FB /* Preview Assets.xcassets in Resources */ = {isa = PBXBuildFile; fileRef = 3F8B341F26701F49002286FB /* Preview Assets.xcassets */; };
		3F8B343126702276002286FB /* Account.swift in Sources */ = {isa = PBXBuildFile; fileRef = 3F8B342C26702276002286FB /* Account.swift */; };
		3F8B343226702276002286FB /* View+Extentions.swift in Sources */ = {isa = PBXBuildFile; fileRef = 3F8B342E26702276002286FB /* View+Extentions.swift */; };
		3F8B343326702276002286FB /* AuthWebService.swift in Sources */ = {isa = PBXBuildFile; fileRef = 3F8B343026702276002286FB /* AuthWebService.swift */; };
		3F8B34492670249E002286FB /* LoginViewModel.swift in Sources */ = {isa = PBXBuildFile; fileRef = 3F8B34482670249E002286FB /* LoginViewModel.swift */; };
		3FDA466A268BB13300F453B6 /* LoginView.swift in Sources */ = {isa = PBXBuildFile; fileRef = 3F8B341A26701F48002286FB /* LoginView.swift */; };
		3FDA466D268BB15700F453B6 /* pokxchangeApp.swift in Sources */ = {isa = PBXBuildFile; fileRef = 3F8B341826701F48002286FB /* pokxchangeApp.swift */; };
		3FDA4674268BB1E700F453B6 /* RegisterView.swift in Sources */ = {isa = PBXBuildFile; fileRef = 3FDA4673268BB1E700F453B6 /* RegisterView.swift */; };
		3FDA4677268BB3B600F453B6 /* TradeView.swift in Sources */ = {isa = PBXBuildFile; fileRef = 3FDA4676268BB3B600F453B6 /* TradeView.swift */; };
		3FDA467A268BB6BD00F453B6 /* UsersView.swift in Sources */ = {isa = PBXBuildFile; fileRef = 3FDA4679268BB6BD00F453B6 /* UsersView.swift */; };
		3FDA4687268BB7D200F453B6 /* CollectionView.swift in Sources */ = {isa = PBXBuildFile; fileRef = 3FDA4686268BB7D200F453B6 /* CollectionView.swift */; };
		3FDA4694268E617D00F453B6 /* Card.swift in Sources */ = {isa = PBXBuildFile; fileRef = 3FDA4693268E617D00F453B6 /* Card.swift */; };
/* End PBXBuildFile section */

/* Begin PBXFileReference section */
		3F32811B268E640900F57A78 /* CardItemView.swift */ = {isa = PBXFileReference; lastKnownFileType = sourcecode.swift; path = CardItemView.swift; sourceTree = "<group>"; };
		3F328125268E645B00F57A78 /* CardItem.swift */ = {isa = PBXFileReference; lastKnownFileType = sourcecode.swift; path = CardItem.swift; sourceTree = "<group>"; };
		3F32812D268F005800F57A78 /* UserItem.swift */ = {isa = PBXFileReference; lastKnownFileType = sourcecode.swift; path = UserItem.swift; sourceTree = "<group>"; };
		3F328130268F006900F57A78 /* User.swift */ = {isa = PBXFileReference; lastKnownFileType = sourcecode.swift; path = User.swift; sourceTree = "<group>"; };
		3F328137268F023600F57A78 /* UserItemView.swift */ = {isa = PBXFileReference; lastKnownFileType = sourcecode.swift; path = UserItemView.swift; sourceTree = "<group>"; };
		3F32813C268F1CEA00F57A78 /* CardWebService.swift */ = {isa = PBXFileReference; lastKnownFileType = sourcecode.swift; path = CardWebService.swift; sourceTree = "<group>"; };
		3F328140268F1DA600F57A78 /* Errors.swift */ = {isa = PBXFileReference; lastKnownFileType = sourcecode.swift; path = Errors.swift; sourceTree = "<group>"; };
		3F328143268F316A00F57A78 /* CardView.swift */ = {isa = PBXFileReference; lastKnownFileType = sourcecode.swift; path = CardView.swift; sourceTree = "<group>"; };
		3F328152268F3E0000F57A78 /* RemoteImage.swift */ = {isa = PBXFileReference; lastKnownFileType = sourcecode.swift; path = RemoteImage.swift; sourceTree = "<group>"; };
		3F328155268F4CDB00F57A78 /* HexToRgbColorConverter.swift */ = {isa = PBXFileReference; lastKnownFileType = sourcecode.swift; path = HexToRgbColorConverter.swift; sourceTree = "<group>"; };
		3F328158268F54AF00F57A78 /* RarityToColor.swift */ = {isa = PBXFileReference; lastKnownFileType = sourcecode.swift; path = RarityToColor.swift; sourceTree = "<group>"; };
		3F32815B268F71C300F57A78 /* ClaimViewModel.swift */ = {isa = PBXFileReference; lastKnownFileType = sourcecode.swift; path = ClaimViewModel.swift; sourceTree = "<group>"; };
		3F32815E268F792400F57A78 /* CollectionViewModel.swift */ = {isa = PBXFileReference; lastKnownFileType = sourcecode.swift; path = CollectionViewModel.swift; sourceTree = "<group>"; };
		3F328161268F7AE100F57A78 /* CardLocalService.swift */ = {isa = PBXFileReference; lastKnownFileType = sourcecode.swift; path = CardLocalService.swift; sourceTree = "<group>"; };
		3F32816B269075C900F57A78 /* UserWebServer.swift */ = {isa = PBXFileReference; lastKnownFileType = sourcecode.swift; path = UserWebServer.swift; sourceTree = "<group>"; };
		3F32816E2690798300F57A78 /* UserViewModel.swift */ = {isa = PBXFileReference; lastKnownFileType = sourcecode.swift; path = UserViewModel.swift; sourceTree = "<group>"; };
		3F3281752690ABF800F57A78 /* CardIconView.swift */ = {isa = PBXFileReference; lastKnownFileType = sourcecode.swift; path = CardIconView.swift; sourceTree = "<group>"; };
		3F3281782690D03B00F57A78 /* SearchBar.swift */ = {isa = PBXFileReference; lastKnownFileType = sourcecode.swift; path = SearchBar.swift; sourceTree = "<group>"; };
		3F32817B2690F83600F57A78 /* LogoutView.swift */ = {isa = PBXFileReference; lastKnownFileType = sourcecode.swift; path = LogoutView.swift; sourceTree = "<group>"; };
		3F328181269122EA00F57A78 /* TradeWebService.swift */ = {isa = PBXFileReference; lastKnownFileType = sourcecode.swift; path = TradeWebService.swift; sourceTree = "<group>"; };
		3F3281842691233C00F57A78 /* TradeViewModel.swift */ = {isa = PBXFileReference; lastKnownFileType = sourcecode.swift; path = TradeViewModel.swift; sourceTree = "<group>"; };
		3F8B341526701F48002286FB /* pokxchange.app */ = {isa = PBXFileReference; explicitFileType = wrapper.application; includeInIndex = 0; path = pokxchange.app; sourceTree = BUILT_PRODUCTS_DIR; };
		3F8B341826701F48002286FB /* pokxchangeApp.swift */ = {isa = PBXFileReference; lastKnownFileType = sourcecode.swift; path = pokxchangeApp.swift; sourceTree = "<group>"; };
		3F8B341A26701F48002286FB /* LoginView.swift */ = {isa = PBXFileReference; lastKnownFileType = sourcecode.swift; path = LoginView.swift; sourceTree = "<group>"; };
		3F8B341C26701F49002286FB /* Assets.xcassets */ = {isa = PBXFileReference; lastKnownFileType = folder.assetcatalog; path = Assets.xcassets; sourceTree = "<group>"; };
		3F8B341F26701F49002286FB /* Preview Assets.xcassets */ = {isa = PBXFileReference; lastKnownFileType = folder.assetcatalog; path = "Preview Assets.xcassets"; sourceTree = "<group>"; };
		3F8B342126701F49002286FB /* Info.plist */ = {isa = PBXFileReference; lastKnownFileType = text.plist.xml; path = Info.plist; sourceTree = "<group>"; };
		3F8B342C26702276002286FB /* Account.swift */ = {isa = PBXFileReference; fileEncoding = 4; lastKnownFileType = sourcecode.swift; path = Account.swift; sourceTree = "<group>"; };
		3F8B342E26702276002286FB /* View+Extentions.swift */ = {isa = PBXFileReference; fileEncoding = 4; lastKnownFileType = sourcecode.swift; path = "View+Extentions.swift"; sourceTree = "<group>"; };
		3F8B343026702276002286FB /* AuthWebService.swift */ = {isa = PBXFileReference; fileEncoding = 4; lastKnownFileType = sourcecode.swift; path = AuthWebService.swift; sourceTree = "<group>"; };
		3F8B34482670249E002286FB /* LoginViewModel.swift */ = {isa = PBXFileReference; lastKnownFileType = sourcecode.swift; path = LoginViewModel.swift; sourceTree = "<group>"; };
		3FDA4673268BB1E700F453B6 /* RegisterView.swift */ = {isa = PBXFileReference; lastKnownFileType = sourcecode.swift; path = RegisterView.swift; sourceTree = "<group>"; };
		3FDA4676268BB3B600F453B6 /* TradeView.swift */ = {isa = PBXFileReference; lastKnownFileType = sourcecode.swift; path = TradeView.swift; sourceTree = "<group>"; };
		3FDA4679268BB6BD00F453B6 /* UsersView.swift */ = {isa = PBXFileReference; lastKnownFileType = sourcecode.swift; path = UsersView.swift; sourceTree = "<group>"; };
		3FDA4686268BB7D200F453B6 /* CollectionView.swift */ = {isa = PBXFileReference; lastKnownFileType = sourcecode.swift; path = CollectionView.swift; sourceTree = "<group>"; };
		3FDA4693268E617D00F453B6 /* Card.swift */ = {isa = PBXFileReference; lastKnownFileType = sourcecode.swift; path = Card.swift; sourceTree = "<group>"; };
/* End PBXFileReference section */

/* Begin PBXFrameworksBuildPhase section */
		3F8B341226701F48002286FB /* Frameworks */ = {
			isa = PBXFrameworksBuildPhase;
			buildActionMask = 2147483647;
			files = (
			);
			runOnlyForDeploymentPostprocessing = 0;
		};
/* End PBXFrameworksBuildPhase section */

/* Begin PBXGroup section */
		3F32813F268F1D8F00F57A78 /* Utils */ = {
			isa = PBXGroup;
			children = (
				3F328140268F1DA600F57A78 /* Errors.swift */,
				3F328155268F4CDB00F57A78 /* HexToRgbColorConverter.swift */,
				3F328158268F54AF00F57A78 /* RarityToColor.swift */,
			);
			path = Utils;
			sourceTree = "<group>";
		};
		3F8B340C26701F48002286FB = {
			isa = PBXGroup;
			children = (
				3F8B341726701F48002286FB /* pokxchange */,
				3F8B341626701F48002286FB /* Products */,
			);
			sourceTree = "<group>";
		};
		3F8B341626701F48002286FB /* Products */ = {
			isa = PBXGroup;
			children = (
				3F8B341526701F48002286FB /* pokxchange.app */,
			);
			name = Products;
			sourceTree = "<group>";
		};
		3F8B341726701F48002286FB /* pokxchange */ = {
			isa = PBXGroup;
			children = (
				3F32813F268F1D8F00F57A78 /* Utils */,
				3FDA4668268BACF700F453B6 /* Views */,
				3F8B3447267023D9002286FB /* View Models */,
				3F8B342D26702276002286FB /* Extentions */,
				3F8B342B26702276002286FB /* Models */,
				3F8B342F26702276002286FB /* Services */,
				3F8B341826701F48002286FB /* pokxchangeApp.swift */,
				3F8B341C26701F49002286FB /* Assets.xcassets */,
				3F8B342126701F49002286FB /* Info.plist */,
				3F8B341E26701F49002286FB /* Preview Content */,
			);
			path = pokxchange;
			sourceTree = "<group>";
		};
		3F8B341E26701F49002286FB /* Preview Content */ = {
			isa = PBXGroup;
			children = (
				3F8B341F26701F49002286FB /* Preview Assets.xcassets */,
			);
			path = "Preview Content";
			sourceTree = "<group>";
		};
		3F8B342B26702276002286FB /* Models */ = {
			isa = PBXGroup;
			children = (
				3F8B342C26702276002286FB /* Account.swift */,
				3FDA4693268E617D00F453B6 /* Card.swift */,
				3F328125268E645B00F57A78 /* CardItem.swift */,
				3F32812D268F005800F57A78 /* UserItem.swift */,
				3F328130268F006900F57A78 /* User.swift */,
			);
			name = Models;
			path = ../../pokexchange/Shared/Models;
			sourceTree = "<group>";
		};
		3F8B342D26702276002286FB /* Extentions */ = {
			isa = PBXGroup;
			children = (
				3F8B342E26702276002286FB /* View+Extentions.swift */,
			);
			name = Extentions;
			path = ../../pokexchange/Shared/Extentions;
			sourceTree = "<group>";
		};
		3F8B342F26702276002286FB /* Services */ = {
			isa = PBXGroup;
			children = (
				3F8B343026702276002286FB /* AuthWebService.swift */,
				3F32813C268F1CEA00F57A78 /* CardWebService.swift */,
				3F328161268F7AE100F57A78 /* CardLocalService.swift */,
				3F32816B269075C900F57A78 /* UserWebServer.swift */,
				3F328181269122EA00F57A78 /* TradeWebService.swift */,
			);
			name = Services;
			path = ../../pokexchange/Shared/Services;
			sourceTree = "<group>";
		};
		3F8B3447267023D9002286FB /* View Models */ = {
			isa = PBXGroup;
			children = (
				3F8B34482670249E002286FB /* LoginViewModel.swift */,
				3F32815B268F71C300F57A78 /* ClaimViewModel.swift */,
				3F32815E268F792400F57A78 /* CollectionViewModel.swift */,
				3F32816E2690798300F57A78 /* UserViewModel.swift */,
				3F3281842691233C00F57A78 /* TradeViewModel.swift */,
			);
			path = "View Models";
			sourceTree = "<group>";
		};
		3FDA4668268BACF700F453B6 /* Views */ = {
			isa = PBXGroup;
			children = (
				3F8B341A26701F48002286FB /* LoginView.swift */,
				3FDA4673268BB1E700F453B6 /* RegisterView.swift */,
				3FDA4676268BB3B600F453B6 /* TradeView.swift */,
				3FDA4679268BB6BD00F453B6 /* UsersView.swift */,
				3FDA4686268BB7D200F453B6 /* CollectionView.swift */,
				3F32811B268E640900F57A78 /* CardItemView.swift */,
				3F328137268F023600F57A78 /* UserItemView.swift */,
				3F328143268F316A00F57A78 /* CardView.swift */,
				3F328152268F3E0000F57A78 /* RemoteImage.swift */,
				3F3281752690ABF800F57A78 /* CardIconView.swift */,
				3F3281782690D03B00F57A78 /* SearchBar.swift */,
				3F32817B2690F83600F57A78 /* LogoutView.swift */,
			);
			path = Views;
			sourceTree = "<group>";
		};
/* End PBXGroup section */

/* Begin PBXNativeTarget section */
		3F8B341426701F48002286FB /* pokxchange */ = {
			isa = PBXNativeTarget;
			buildConfigurationList = 3F8B342426701F49002286FB /* Build configuration list for PBXNativeTarget "pokxchange" */;
			buildPhases = (
				3F8B341126701F48002286FB /* Sources */,
				3F8B341226701F48002286FB /* Frameworks */,
				3F8B341326701F48002286FB /* Resources */,
			);
			buildRules = (
			);
			dependencies = (
			);
			name = pokxchange;
			productName = pokxchange;
			productReference = 3F8B341526701F48002286FB /* pokxchange.app */;
			productType = "com.apple.product-type.application";
		};
/* End PBXNativeTarget section */

/* Begin PBXProject section */
		3F8B340D26701F48002286FB /* Project object */ = {
			isa = PBXProject;
			attributes = {
				LastSwiftUpdateCheck = 1240;
				LastUpgradeCheck = 1240;
				TargetAttributes = {
					3F8B341426701F48002286FB = {
						CreatedOnToolsVersion = 12.4;
					};
				};
			};
			buildConfigurationList = 3F8B341026701F48002286FB /* Build configuration list for PBXProject "pokxchange" */;
			compatibilityVersion = "Xcode 9.3";
			developmentRegion = en;
			hasScannedForEncodings = 0;
			knownRegions = (
				en,
				Base,
			);
			mainGroup = 3F8B340C26701F48002286FB;
			productRefGroup = 3F8B341626701F48002286FB /* Products */;
			projectDirPath = "";
			projectRoot = "";
			targets = (
				3F8B341426701F48002286FB /* pokxchange */,
			);
		};
/* End PBXProject section */

/* Begin PBXResourcesBuildPhase section */
		3F8B341326701F48002286FB /* Resources */ = {
			isa = PBXResourcesBuildPhase;
			buildActionMask = 2147483647;
			files = (
				3F8B342026701F49002286FB /* Preview Assets.xcassets in Resources */,
				3F8B341D26701F49002286FB /* Assets.xcassets in Resources */,
			);
			runOnlyForDeploymentPostprocessing = 0;
		};
/* End PBXResourcesBuildPhase section */

/* Begin PBXSourcesBuildPhase section */
		3F8B341126701F48002286FB /* Sources */ = {
			isa = PBXSourcesBuildPhase;
			buildActionMask = 2147483647;
			files = (
				3FDA4687268BB7D200F453B6 /* CollectionView.swift in Sources */,
				3F32815C268F71C300F57A78 /* ClaimViewModel.swift in Sources */,
				3FDA466A268BB13300F453B6 /* LoginView.swift in Sources */,
				3F328138268F023600F57A78 /* UserItemView.swift in Sources */,
				3F32811C268E640900F57A78 /* CardItemView.swift in Sources */,
				3F32816F2690798300F57A78 /* UserViewModel.swift in Sources */,
				3F32812E268F005800F57A78 /* UserItem.swift in Sources */,
				3F8B34492670249E002286FB /* LoginViewModel.swift in Sources */,
				3F32813D268F1CEA00F57A78 /* CardWebService.swift in Sources */,
				3F328141268F1DA600F57A78 /* Errors.swift in Sources */,
				3F32815F268F792400F57A78 /* CollectionViewModel.swift in Sources */,
				3F328126268E645B00F57A78 /* CardItem.swift in Sources */,
				3F328153268F3E0000F57A78 /* RemoteImage.swift in Sources */,
				3F3281852691233C00F57A78 /* TradeViewModel.swift in Sources */,
				3F8B343126702276002286FB /* Account.swift in Sources */,
				3FDA4694268E617D00F453B6 /* Card.swift in Sources */,
				3FDA4674268BB1E700F453B6 /* RegisterView.swift in Sources */,
				3F8B343326702276002286FB /* AuthWebService.swift in Sources */,
				3F3281792690D03B00F57A78 /* SearchBar.swift in Sources */,
				3F3281762690ABF800F57A78 /* CardIconView.swift in Sources */,
				3F328182269122EA00F57A78 /* TradeWebService.swift in Sources */,
				3F32816C269075C900F57A78 /* UserWebServer.swift in Sources */,
				3F328156268F4CDB00F57A78 /* HexToRgbColorConverter.swift in Sources */,
				3F328144268F316B00F57A78 /* CardView.swift in Sources */,
				3F328162268F7AE100F57A78 /* CardLocalService.swift in Sources */,
				3FDA467A268BB6BD00F453B6 /* UsersView.swift in Sources */,
				3F328131268F006900F57A78 /* User.swift in Sources */,
				3F32817C2690F83600F57A78 /* LogoutView.swift in Sources */,
				3F328159268F54AF00F57A78 /* RarityToColor.swift in Sources */,
				3FDA4677268BB3B600F453B6 /* TradeView.swift in Sources */,
				3F8B343226702276002286FB /* View+Extentions.swift in Sources */,
				3FDA466D268BB15700F453B6 /* pokxchangeApp.swift in Sources */,
			);
			runOnlyForDeploymentPostprocessing = 0;
		};
/* End PBXSourcesBuildPhase section */

/* Begin XCBuildConfiguration section */
		3F8B342226701F49002286FB /* Debug */ = {
			isa = XCBuildConfiguration;
			buildSettings = {
				ALWAYS_SEARCH_USER_PATHS = NO;
				CLANG_ANALYZER_NONNULL = YES;
				CLANG_ANALYZER_NUMBER_OBJECT_CONVERSION = YES_AGGRESSIVE;
				CLANG_CXX_LANGUAGE_STANDARD = "gnu++14";
				CLANG_CXX_LIBRARY = "libc++";
				CLANG_ENABLE_MODULES = YES;
				CLANG_ENABLE_OBJC_ARC = YES;
				CLANG_ENABLE_OBJC_WEAK = YES;
				CLANG_WARN_BLOCK_CAPTURE_AUTORELEASING = YES;
				CLANG_WARN_BOOL_CONVERSION = YES;
				CLANG_WARN_COMMA = YES;
				CLANG_WARN_CONSTANT_CONVERSION = YES;
				CLANG_WARN_DEPRECATED_OBJC_IMPLEMENTATIONS = YES;
				CLANG_WARN_DIRECT_OBJC_ISA_USAGE = YES_ERROR;
				CLANG_WARN_DOCUMENTATION_COMMENTS = YES;
				CLANG_WARN_EMPTY_BODY = YES;
				CLANG_WARN_ENUM_CONVERSION = YES;
				CLANG_WARN_INFINITE_RECURSION = YES;
				CLANG_WARN_INT_CONVERSION = YES;
				CLANG_WARN_NON_LITERAL_NULL_CONVERSION = YES;
				CLANG_WARN_OBJC_IMPLICIT_RETAIN_SELF = YES;
				CLANG_WARN_OBJC_LITERAL_CONVERSION = YES;
				CLANG_WARN_OBJC_ROOT_CLASS = YES_ERROR;
				CLANG_WARN_QUOTED_INCLUDE_IN_FRAMEWORK_HEADER = YES;
				CLANG_WARN_RANGE_LOOP_ANALYSIS = YES;
				CLANG_WARN_STRICT_PROTOTYPES = YES;
				CLANG_WARN_SUSPICIOUS_MOVE = YES;
				CLANG_WARN_UNGUARDED_AVAILABILITY = YES_AGGRESSIVE;
				CLANG_WARN_UNREACHABLE_CODE = YES;
				CLANG_WARN__DUPLICATE_METHOD_MATCH = YES;
				COPY_PHASE_STRIP = NO;
				DEBUG_INFORMATION_FORMAT = dwarf;
				ENABLE_STRICT_OBJC_MSGSEND = YES;
				ENABLE_TESTABILITY = YES;
				GCC_C_LANGUAGE_STANDARD = gnu11;
				GCC_DYNAMIC_NO_PIC = NO;
				GCC_NO_COMMON_BLOCKS = YES;
				GCC_OPTIMIZATION_LEVEL = 0;
				GCC_PREPROCESSOR_DEFINITIONS = (
					"DEBUG=1",
					"$(inherited)",
				);
				GCC_WARN_64_TO_32_BIT_CONVERSION = YES;
				GCC_WARN_ABOUT_RETURN_TYPE = YES_ERROR;
				GCC_WARN_UNDECLARED_SELECTOR = YES;
				GCC_WARN_UNINITIALIZED_AUTOS = YES_AGGRESSIVE;
				GCC_WARN_UNUSED_FUNCTION = YES;
				GCC_WARN_UNUSED_VARIABLE = YES;
				IPHONEOS_DEPLOYMENT_TARGET = 14.4;
				MTL_ENABLE_DEBUG_INFO = INCLUDE_SOURCE;
				MTL_FAST_MATH = YES;
				ONLY_ACTIVE_ARCH = YES;
				SDKROOT = iphoneos;
				SWIFT_ACTIVE_COMPILATION_CONDITIONS = DEBUG;
				SWIFT_OPTIMIZATION_LEVEL = "-Onone";
			};
			name = Debug;
		};
		3F8B342326701F49002286FB /* Release */ = {
			isa = XCBuildConfiguration;
			buildSettings = {
				ALWAYS_SEARCH_USER_PATHS = NO;
				CLANG_ANALYZER_NONNULL = YES;
				CLANG_ANALYZER_NUMBER_OBJECT_CONVERSION = YES_AGGRESSIVE;
				CLANG_CXX_LANGUAGE_STANDARD = "gnu++14";
				CLANG_CXX_LIBRARY = "libc++";
				CLANG_ENABLE_MODULES = YES;
				CLANG_ENABLE_OBJC_ARC = YES;
				CLANG_ENABLE_OBJC_WEAK = YES;
				CLANG_WARN_BLOCK_CAPTURE_AUTORELEASING = YES;
				CLANG_WARN_BOOL_CONVERSION = YES;
				CLANG_WARN_COMMA = YES;
				CLANG_WARN_CONSTANT_CONVERSION = YES;
				CLANG_WARN_DEPRECATED_OBJC_IMPLEMENTATIONS = YES;
				CLANG_WARN_DIRECT_OBJC_ISA_USAGE = YES_ERROR;
				CLANG_WARN_DOCUMENTATION_COMMENTS = YES;
				CLANG_WARN_EMPTY_BODY = YES;
				CLANG_WARN_ENUM_CONVERSION = YES;
				CLANG_WARN_INFINITE_RECURSION = YES;
				CLANG_WARN_INT_CONVERSION = YES;
				CLANG_WARN_NON_LITERAL_NULL_CONVERSION = YES;
				CLANG_WARN_OBJC_IMPLICIT_RETAIN_SELF = YES;
				CLANG_WARN_OBJC_LITERAL_CONVERSION = YES;
				CLANG_WARN_OBJC_ROOT_CLASS = YES_ERROR;
				CLANG_WARN_QUOTED_INCLUDE_IN_FRAMEWORK_HEADER = YES;
				CLANG_WARN_RANGE_LOOP_ANALYSIS = YES;
				CLANG_WARN_STRICT_PROTOTYPES = YES;
				CLANG_WARN_SUSPICIOUS_MOVE = YES;
				CLANG_WARN_UNGUARDED_AVAILABILITY = YES_AGGRESSIVE;
				CLANG_WARN_UNREACHABLE_CODE = YES;
				CLANG_WARN__DUPLICATE_METHOD_MATCH = YES;
				COPY_PHASE_STRIP = NO;
				DEBUG_INFORMATION_FORMAT = "dwarf-with-dsym";
				ENABLE_NS_ASSERTIONS = NO;
				ENABLE_STRICT_OBJC_MSGSEND = YES;
				GCC_C_LANGUAGE_STANDARD = gnu11;
				GCC_NO_COMMON_BLOCKS = YES;
				GCC_WARN_64_TO_32_BIT_CONVERSION = YES;
				GCC_WARN_ABOUT_RETURN_TYPE = YES_ERROR;
				GCC_WARN_UNDECLARED_SELECTOR = YES;
				GCC_WARN_UNINITIALIZED_AUTOS = YES_AGGRESSIVE;
				GCC_WARN_UNUSED_FUNCTION = YES;
				GCC_WARN_UNUSED_VARIABLE = YES;
				IPHONEOS_DEPLOYMENT_TARGET = 14.4;
				MTL_ENABLE_DEBUG_INFO = NO;
				MTL_FAST_MATH = YES;
				SDKROOT = iphoneos;
				SWIFT_COMPILATION_MODE = wholemodule;
				SWIFT_OPTIMIZATION_LEVEL = "-O";
				VALIDATE_PRODUCT = YES;
			};
			name = Release;
		};
		3F8B342526701F49002286FB /* Debug */ = {
			isa = XCBuildConfiguration;
			buildSettings = {
				ASSETCATALOG_COMPILER_APPICON_NAME = AppIcon;
				ASSETCATALOG_COMPILER_GLOBAL_ACCENT_COLOR_NAME = AccentColor;
				CODE_SIGN_STYLE = Automatic;
				DEVELOPMENT_ASSET_PATHS = "\"pokxchange/Preview Content\"";
				ENABLE_PREVIEWS = YES;
				INFOPLIST_FILE = pokxchange/Info.plist;
				IPHONEOS_DEPLOYMENT_TARGET = 14.0;
				LD_RUNPATH_SEARCH_PATHS = (
					"$(inherited)",
					"@executable_path/Frameworks",
				);
				PRODUCT_BUNDLE_IDENTIFIER = fr.esgi.pokxchange;
				PRODUCT_NAME = "$(TARGET_NAME)";
				SWIFT_VERSION = 5.0;
				TARGETED_DEVICE_FAMILY = "1,2";
			};
			name = Debug;
		};
		3F8B342626701F49002286FB /* Release */ = {
			isa = XCBuildConfiguration;
			buildSettings = {
				ASSETCATALOG_COMPILER_APPICON_NAME = AppIcon;
				ASSETCATALOG_COMPILER_GLOBAL_ACCENT_COLOR_NAME = AccentColor;
				CODE_SIGN_STYLE = Automatic;
				DEVELOPMENT_ASSET_PATHS = "\"pokxchange/Preview Content\"";
				ENABLE_PREVIEWS = YES;
				INFOPLIST_FILE = pokxchange/Info.plist;
				IPHONEOS_DEPLOYMENT_TARGET = 14.0;
				LD_RUNPATH_SEARCH_PATHS = (
					"$(inherited)",
					"@executable_path/Frameworks",
				);
				PRODUCT_BUNDLE_IDENTIFIER = fr.esgi.pokxchange;
				PRODUCT_NAME = "$(TARGET_NAME)";
				SWIFT_VERSION = 5.0;
				TARGETED_DEVICE_FAMILY = "1,2";
			};
			name = Release;
		};
/* End XCBuildConfiguration section */

/* Begin XCConfigurationList section */
		3F8B341026701F48002286FB /* Build configuration list for PBXProject "pokxchange" */ = {
			isa = XCConfigurationList;
			buildConfigurations = (
				3F8B342226701F49002286FB /* Debug */,
				3F8B342326701F49002286FB /* Release */,
			);
			defaultConfigurationIsVisible = 0;
			defaultConfigurationName = Release;
		};
		3F8B342426701F49002286FB /* Build configuration list for PBXNativeTarget "pokxchange" */ = {
			isa = XCConfigurationList;
			buildConfigurations = (
				3F8B342526701F49002286FB /* Debug */,
				3F8B342626701F49002286FB /* Release */,
			);
			defaultConfigurationIsVisible = 0;
			defaultConfigurationName = Release;
		};
/* End XCConfigurationList section */
	};
	rootObject = 3F8B340D26701F48002286FB /* Project object */;
}
